
Microsoft Visual Studio Solution File, Format Version 12.00
# Visual Studio Version 16
VisualStudioVersion = 16.0.30225.117
MinimumVisualStudioVersion = 10.0.40219.1
Project("{FAE04EC0-301F-11D3-BF4B-00C04F79EFBC}") = "Phonebook", "Phonebook\Phonebook.csproj", "{734EA156-8030-43C5-94AB-63A0DCBFD51D}"
EndProject
Global
	GlobalSection(SolutionConfigurationPlatforms) = preSolution
		Debug|Any CPU = Debug|Any CPU
		Release|Any CPU = Release|Any CPU
	EndGlobalSection
	GlobalSection(ProjectConfigurationPlatforms) = postSolution
		{734EA156-8030-43C5-94AB-63A0DCBFD51D}.Debug|Any CPU.ActiveCfg = Debug|Any CPU
		{734EA156-8030-43C5-94AB-63A0DCBFD51D}.Debug|Any CPU.Build.0 = Debug|Any CPU
		{734EA156-8030-43C5-94AB-63A0DCBFD51D}.Release|Any CPU.ActiveCfg = Release|Any CPU
		{734EA156-8030-43C5-94AB-63A0DCBFD51D}.Release|Any CPU.Build.0 = Release|Any CPU
	EndGlobalSection
	GlobalSection(SolutionProperties) = preSolution
		HideSolutionNode = FALSE
	EndGlobalSection
	GlobalSection(ExtensibilityGlobals) = postSolution
		SolutionGuid = {90C74777-DD88-4F6C-A968-127AD8493066}
	EndGlobalSection
EndGlobal
